
Microsoft Visual Studio Solution File, Format Version 12.00
# Visual Studio 14
VisualStudioVersion = 14.0.25420.1
MinimumVisualStudioVersion = 10.0.40219.1
Project("{FAE04EC0-301F-11D3-BF4B-00C04F79EFBC}") = "PointOfSale.Domain", "PointOfSale\PointOfSale.Domain.csproj", "{C5E40D39-8841-42CC-AAE4-CD5358355A1B}"
EndProject
Project("{FAE04EC0-301F-11D3-BF4B-00C04F79EFBC}") = "PointOfSale.ConsoleApp", "PointOfSale.UI\PointOfSale.ConsoleApp.csproj", "{48E7DF1C-05E4-48F6-B103-F0E47E5B5302}"
EndProject
Project("{FAE04EC0-301F-11D3-BF4B-00C04F79EFBC}") = "PointOfSale.DomainUnitTests", "PointOfSale.DomainUnitTests\PointOfSale.DomainUnitTests.csproj", "{2AB7B01A-C499-4622-83D4-9AFE5218D98F}"
EndProject
Project("{FAE04EC0-301F-11D3-BF4B-00C04F79EFBC}") = "PointOfSale.SqlDataAccess", "PointOfSale.SqlDataAccess\PointOfSale.SqlDataAccess.csproj", "{16094C8E-B35B-47AA-A31B-16785964D48B}"
EndProject
Global
	GlobalSection(SolutionConfigurationPlatforms) = preSolution
		Debug|Any CPU = Debug|Any CPU
		Release|Any CPU = Release|Any CPU
	EndGlobalSection
	GlobalSection(ProjectConfigurationPlatforms) = postSolution
		{C5E40D39-8841-42CC-AAE4-CD5358355A1B}.Debug|Any CPU.ActiveCfg = Debug|Any CPU
		{C5E40D39-8841-42CC-AAE4-CD5358355A1B}.Debug|Any CPU.Build.0 = Debug|Any CPU
		{C5E40D39-8841-42CC-AAE4-CD5358355A1B}.Release|Any CPU.ActiveCfg = Release|Any CPU
		{C5E40D39-8841-42CC-AAE4-CD5358355A1B}.Release|Any CPU.Build.0 = Release|Any CPU
		{48E7DF1C-05E4-48F6-B103-F0E47E5B5302}.Debug|Any CPU.ActiveCfg = Debug|Any CPU
		{48E7DF1C-05E4-48F6-B103-F0E47E5B5302}.Debug|Any CPU.Build.0 = Debug|Any CPU
		{48E7DF1C-05E4-48F6-B103-F0E47E5B5302}.Release|Any CPU.ActiveCfg = Release|Any CPU
		{48E7DF1C-05E4-48F6-B103-F0E47E5B5302}.Release|Any CPU.Build.0 = Release|Any CPU
		{2AB7B01A-C499-4622-83D4-9AFE5218D98F}.Debug|Any CPU.ActiveCfg = Debug|Any CPU
		{2AB7B01A-C499-4622-83D4-9AFE5218D98F}.Debug|Any CPU.Build.0 = Debug|Any CPU
		{2AB7B01A-C499-4622-83D4-9AFE5218D98F}.Release|Any CPU.ActiveCfg = Release|Any CPU
		{2AB7B01A-C499-4622-83D4-9AFE5218D98F}.Release|Any CPU.Build.0 = Release|Any CPU
		{16094C8E-B35B-47AA-A31B-16785964D48B}.Debug|Any CPU.ActiveCfg = Debug|Any CPU
		{16094C8E-B35B-47AA-A31B-16785964D48B}.Debug|Any CPU.Build.0 = Debug|Any CPU
		{16094C8E-B35B-47AA-A31B-16785964D48B}.Release|Any CPU.ActiveCfg = Release|Any CPU
		{16094C8E-B35B-47AA-A31B-16785964D48B}.Release|Any CPU.Build.0 = Release|Any CPU
	EndGlobalSection
	GlobalSection(SolutionProperties) = preSolution
		HideSolutionNode = FALSE
	EndGlobalSection
EndGlobal
